
Microsoft Visual Studio Solution File, Format Version 12.00
# Visual Studio 2013
VisualStudioVersion = 12.0.30324.0
MinimumVisualStudioVersion = 10.0.40219.1
Project("{FAE04EC0-301F-11D3-BF4B-00C04F79EFBC}") = "Simple_TODO_List", "Simple TODO List\Simple_TODO_List.csproj", "{C5A665AE-A15D-4E1A-8C3D-BA7CAE4E5413}"
EndProject
Global
	GlobalSection(SolutionConfigurationPlatforms) = preSolution
		Debug|Any CPU = Debug|Any CPU
		Release|Any CPU = Release|Any CPU
	EndGlobalSection
	GlobalSection(ProjectConfigurationPlatforms) = postSolution
		{C5A665AE-A15D-4E1A-8C3D-BA7CAE4E5413}.Debug|Any CPU.ActiveCfg = Debug|Any CPU
		{C5A665AE-A15D-4E1A-8C3D-BA7CAE4E5413}.Debug|Any CPU.Build.0 = Debug|Any CPU
		{C5A665AE-A15D-4E1A-8C3D-BA7CAE4E5413}.Release|Any CPU.ActiveCfg = Release|Any CPU
		{C5A665AE-A15D-4E1A-8C3D-BA7CAE4E5413}.Release|Any CPU.Build.0 = Release|Any CPU
	EndGlobalSection
	GlobalSection(SolutionProperties) = preSolution
		HideSolutionNode = FALSE
	EndGlobalSection
EndGlobal
